
Microsoft Visual Studio Solution File, Format Version 12.00
# Visual Studio Version 17
VisualStudioVersion = 17.9.34728.123
MinimumVisualStudioVersion = 10.0.40219.1
Project("{FAE04EC0-301F-11D3-BF4B-00C04F79EFBC}") = "EvrotorgApp", "EvrotorgApp\EvrotorgApp.csproj", "{44AFE941-B23C-41C1-AE95-369BCF78575D}"
EndProject
Global
	GlobalSection(SolutionConfigurationPlatforms) = preSolution
		Debug|Any CPU = Debug|Any CPU
		Release|Any CPU = Release|Any CPU
	EndGlobalSection
	GlobalSection(ProjectConfigurationPlatforms) = postSolution
		{44AFE941-B23C-41C1-AE95-369BCF78575D}.Debug|Any CPU.ActiveCfg = Debug|Any CPU
		{44AFE941-B23C-41C1-AE95-369BCF78575D}.Debug|Any CPU.Build.0 = Debug|Any CPU
		{44AFE941-B23C-41C1-AE95-369BCF78575D}.Release|Any CPU.ActiveCfg = Release|Any CPU
		{44AFE941-B23C-41C1-AE95-369BCF78575D}.Release|Any CPU.Build.0 = Release|Any CPU
	EndGlobalSection
	GlobalSection(SolutionProperties) = preSolution
		HideSolutionNode = FALSE
	EndGlobalSection
	GlobalSection(ExtensibilityGlobals) = postSolution
		SolutionGuid = {CDF306BA-7478-474B-8D81-41869C458CB8}
	EndGlobalSection
EndGlobal
